// !$*UTF8*$!
{
	archiveVersion = 1;
	classes = {
	};
	objectVersion = 48;
	objects = {

/* Begin PBXBuildFile section */
		8A3B1EF3202ADE4100FEE5FC /* AppDelegate.m in Sources */ = {isa = PBXBuildFile; fileRef = 8A3B1EF2202ADE4100FEE5FC /* AppDelegate.m */; };
		8A3B1EF9202ADE4100FEE5FC /* Main.storyboard in Resources */ = {isa = PBXBuildFile; fileRef = 8A3B1EF7202ADE4100FEE5FC /* Main.storyboard */; };
		8A3B1EFB202ADE4100FEE5FC /* Assets.xcassets in Resources */ = {isa = PBXBuildFile; fileRef = 8A3B1EFA202ADE4100FEE5FC /* Assets.xcassets */; };
		8A3B1EFE202ADE4100FEE5FC /* LaunchScreen.storyboard in Resources */ = {isa = PBXBuildFile; fileRef = 8A3B1EFC202ADE4100FEE5FC /* LaunchScreen.storyboard */; };
		8A3B1F01202ADE4100FEE5FC /* main.m in Sources */ = {isa = PBXBuildFile; fileRef = 8A3B1F00202ADE4100FEE5FC /* main.m */; };
		8A3B1F0B202ADE4100FEE5FC /* CommentViewTests.m in Sources */ = {isa = PBXBuildFile; fileRef = 8A3B1F0A202ADE4100FEE5FC /* CommentViewTests.m */; };
		8A3B1F16202ADE4100FEE5FC /* CommentViewUITests.m in Sources */ = {isa = PBXBuildFile; fileRef = 8A3B1F15202ADE4100FEE5FC /* CommentViewUITests.m */; };
		8A3B1F28202ADEC600FEE5FC /* GPController.m in Sources */ = {isa = PBXBuildFile; fileRef = 8A3B1F27202ADEC600FEE5FC /* GPController.m */; };
		8A3B1F43202ADF1800FEE5FC /* NSLayoutConstraint+MASDebugAdditions.m in Sources */ = {isa = PBXBuildFile; fileRef = 8A3B1F2B202ADF1800FEE5FC /* NSLayoutConstraint+MASDebugAdditions.m */; };
		8A3B1F44202ADF1800FEE5FC /* ViewController+MASAdditions.m in Sources */ = {isa = PBXBuildFile; fileRef = 8A3B1F34202ADF1800FEE5FC /* ViewController+MASAdditions.m */; };
		8A3B1F45202ADF1800FEE5FC /* MASCompositeConstraint.m in Sources */ = {isa = PBXBuildFile; fileRef = 8A3B1F38202ADF1800FEE5FC /* MASCompositeConstraint.m */; };
		8A3B1F46202ADF1800FEE5FC /* MASConstraintMaker.m in Sources */ = {isa = PBXBuildFile; fileRef = 8A3B1F39202ADF1800FEE5FC /* MASConstraintMaker.m */; };
		8A3B1F47202ADF1800FEE5FC /* MASLayoutConstraint.m in Sources */ = {isa = PBXBuildFile; fileRef = 8A3B1F3A202ADF1800FEE5FC /* MASLayoutConstraint.m */; };
		8A3B1F48202ADF1800FEE5FC /* NSArray+MASAdditions.m in Sources */ = {isa = PBXBuildFile; fileRef = 8A3B1F3B202ADF1800FEE5FC /* NSArray+MASAdditions.m */; };
		8A3B1F49202ADF1800FEE5FC /* View+MASAdditions.m in Sources */ = {isa = PBXBuildFile; fileRef = 8A3B1F3C202ADF1800FEE5FC /* View+MASAdditions.m */; };
		8A3B1F4A202ADF1800FEE5FC /* MASConstraint.m in Sources */ = {isa = PBXBuildFile; fileRef = 8A3B1F3F202ADF1800FEE5FC /* MASConstraint.m */; };
		8A3B1F4B202ADF1800FEE5FC /* MASViewConstraint.m in Sources */ = {isa = PBXBuildFile; fileRef = 8A3B1F41202ADF1800FEE5FC /* MASViewConstraint.m */; };
		8A3B1F4C202ADF1800FEE5FC /* MASViewAttribute.m in Sources */ = {isa = PBXBuildFile; fileRef = 8A3B1F42202ADF1800FEE5FC /* MASViewAttribute.m */; };
		8A3B1F4F202AE81800FEE5FC /* GPTextView.m in Sources */ = {isa = PBXBuildFile; fileRef = 8A3B1F4E202AE81800FEE5FC /* GPTextView.m */; };
		8A3B1F52202AE88900FEE5FC /* GPCommentView.m in Sources */ = {isa = PBXBuildFile; fileRef = 8A3B1F51202AE88900FEE5FC /* GPCommentView.m */; };
		8A3B1F55202AEEA600FEE5FC /* UIDevice+DeviceInfo.m in Sources */ = {isa = PBXBuildFile; fileRef = 8A3B1F54202AEEA600FEE5FC /* UIDevice+DeviceInfo.m */; };
/* End PBXBuildFile section */

/* Begin PBXContainerItemProxy section */
		8A3B1F07202ADE4100FEE5FC /* PBXContainerItemProxy */ = {
			isa = PBXContainerItemProxy;
			containerPortal = 8A3B1EE6202ADE4100FEE5FC /* Project object */;
			proxyType = 1;
			remoteGlobalIDString = 8A3B1EED202ADE4100FEE5FC;
			remoteInfo = CommentView;
		};
		8A3B1F12202ADE4100FEE5FC /* PBXContainerItemProxy */ = {
			isa = PBXContainerItemProxy;
			containerPortal = 8A3B1EE6202ADE4100FEE5FC /* Project object */;
			proxyType = 1;
			remoteGlobalIDString = 8A3B1EED202ADE4100FEE5FC;
			remoteInfo = CommentView;
		};
/* End PBXContainerItemProxy section */

/* Begin PBXFileReference section */
		8A3B1EEE202ADE4100FEE5FC /* CommentView.app */ = {isa = PBXFileReference; explicitFileType = wrapper.application; includeInIndex = 0; path = CommentView.app; sourceTree = BUILT_PRODUCTS_DIR; };
		8A3B1EF1202ADE4100FEE5FC /* AppDelegate.h */ = {isa = PBXFileReference; lastKnownFileType = sourcecode.c.h; path = AppDelegate.h; sourceTree = "<group>"; };
		8A3B1EF2202ADE4100FEE5FC /* AppDelegate.m */ = {isa = PBXFileReference; lastKnownFileType = sourcecode.c.objc; path = AppDelegate.m; sourceTree = "<group>"; };
		8A3B1EF8202ADE4100FEE5FC /* Base */ = {isa = PBXFileReference; lastKnownFileType = file.storyboard; name = Base; path = Base.lproj/Main.storyboard; sourceTree = "<group>"; };
		8A3B1EFA202ADE4100FEE5FC /* Assets.xcassets */ = {isa = PBXFileReference; lastKnownFileType = folder.assetcatalog; path = Assets.xcassets; sourceTree = "<group>"; };
		8A3B1EFD202ADE4100FEE5FC /* Base */ = {isa = PBXFileReference; lastKnownFileType = file.storyboard; name = Base; path = Base.lproj/LaunchScreen.storyboard; sourceTree = "<group>"; };
		8A3B1EFF202ADE4100FEE5FC /* Info.plist */ = {isa = PBXFileReference; lastKnownFileType = text.plist.xml; path = Info.plist; sourceTree = "<group>"; };
		8A3B1F00202ADE4100FEE5FC /* main.m */ = {isa = PBXFileReference; lastKnownFileType = sourcecode.c.objc; path = main.m; sourceTree = "<group>"; };
		8A3B1F06202ADE4100FEE5FC /* CommentViewTests.xctest */ = {isa = PBXFileReference; explicitFileType = wrapper.cfbundle; includeInIndex = 0; path = CommentViewTests.xctest; sourceTree = BUILT_PRODUCTS_DIR; };
		8A3B1F0A202ADE4100FEE5FC /* CommentViewTests.m */ = {isa = PBXFileReference; lastKnownFileType = sourcecode.c.objc; path = CommentViewTests.m; sourceTree = "<group>"; };
		8A3B1F0C202ADE4100FEE5FC /* Info.plist */ = {isa = PBXFileReference; lastKnownFileType = text.plist.xml; path = Info.plist; sourceTree = "<group>"; };
		8A3B1F11202ADE4100FEE5FC /* CommentViewUITests.xctest */ = {isa = PBXFileReference; explicitFileType = wrapper.cfbundle; includeInIndex = 0; path = CommentViewUITests.xctest; sourceTree = BUILT_PRODUCTS_DIR; };
		8A3B1F15202ADE4100FEE5FC /* CommentViewUITests.m */ = {isa = PBXFileReference; lastKnownFileType = sourcecode.c.objc; path = CommentViewUITests.m; sourceTree = "<group>"; };
		8A3B1F17202ADE4100FEE5FC /* Info.plist */ = {isa = PBXFileReference; lastKnownFileType = text.plist.xml; path = Info.plist; sourceTree = "<group>"; };
		8A3B1F26202ADEC600FEE5FC /* GPController.h */ = {isa = PBXFileReference; lastKnownFileType = sourcecode.c.h; path = GPController.h; sourceTree = "<group>"; };
		8A3B1F27202ADEC600FEE5FC /* GPController.m */ = {isa = PBXFileReference; lastKnownFileType = sourcecode.c.objc; path = GPController.m; sourceTree = "<group>"; };
		8A3B1F2A202ADF1800FEE5FC /* MASCompositeConstraint.h */ = {isa = PBXFileReference; fileEncoding = 4; lastKnownFileType = sourcecode.c.h; path = MASCompositeConstraint.h; sourceTree = "<group>"; };
		8A3B1F2B202ADF1800FEE5FC /* NSLayoutConstraint+MASDebugAdditions.m */ = {isa = PBXFileReference; fileEncoding = 4; lastKnownFileType = sourcecode.c.objc; path = "NSLayoutConstraint+MASDebugAdditions.m"; sourceTree = "<group>"; };
		8A3B1F2C202ADF1800FEE5FC /* MASConstraint+Private.h */ = {isa = PBXFileReference; fileEncoding = 4; lastKnownFileType = sourcecode.c.h; path = "MASConstraint+Private.h"; sourceTree = "<group>"; };
		8A3B1F2D202ADF1800FEE5FC /* MASLayoutConstraint.h */ = {isa = PBXFileReference; fileEncoding = 4; lastKnownFileType = sourcecode.c.h; path = MASLayoutConstraint.h; sourceTree = "<group>"; };
		8A3B1F2E202ADF1800FEE5FC /* NSArray+MASShorthandAdditions.h */ = {isa = PBXFileReference; fileEncoding = 4; lastKnownFileType = sourcecode.c.h; path = "NSArray+MASShorthandAdditions.h"; sourceTree = "<group>"; };
		8A3B1F2F202ADF1800FEE5FC /* MASConstraintMaker.h */ = {isa = PBXFileReference; fileEncoding = 4; lastKnownFileType = sourcecode.c.h; path = MASConstraintMaker.h; sourceTree = "<group>"; };
		8A3B1F30202ADF1800FEE5FC /* View+MASAdditions.h */ = {isa = PBXFileReference; fileEncoding = 4; lastKnownFileType = sourcecode.c.h; path = "View+MASAdditions.h"; sourceTree = "<group>"; };
		8A3B1F31202ADF1800FEE5FC /* NSArray+MASAdditions.h */ = {isa = PBXFileReference; fileEncoding = 4; lastKnownFileType = sourcecode.c.h; path = "NSArray+MASAdditions.h"; sourceTree = "<group>"; };
		8A3B1F32202ADF1800FEE5FC /* MASUtilities.h */ = {isa = PBXFileReference; fileEncoding = 4; lastKnownFileType = sourcecode.c.h; path = MASUtilities.h; sourceTree = "<group>"; };
		8A3B1F33202ADF1800FEE5FC /* MASViewAttribute.h */ = {isa = PBXFileReference; fileEncoding = 4; lastKnownFileType = sourcecode.c.h; path = MASViewAttribute.h; sourceTree = "<group>"; };
		8A3B1F34202ADF1800FEE5FC /* ViewController+MASAdditions.m */ = {isa = PBXFileReference; fileEncoding = 4; lastKnownFileType = sourcecode.c.objc; path = "ViewController+MASAdditions.m"; sourceTree = "<group>"; };
		8A3B1F35202ADF1800FEE5FC /* MASViewConstraint.h */ = {isa = PBXFileReference; fileEncoding = 4; lastKnownFileType = sourcecode.c.h; path = MASViewConstraint.h; sourceTree = "<group>"; };
		8A3B1F36202ADF1800FEE5FC /* MASConstraint.h */ = {isa = PBXFileReference; fileEncoding = 4; lastKnownFileType = sourcecode.c.h; path = MASConstraint.h; sourceTree = "<group>"; };
		8A3B1F37202ADF1800FEE5FC /* NSLayoutConstraint+MASDebugAdditions.h */ = {isa = PBXFileReference; fileEncoding = 4; lastKnownFileType = sourcecode.c.h; path = "NSLayoutConstraint+MASDebugAdditions.h"; sourceTree = "<group>"; };
		8A3B1F38202ADF1800FEE5FC /* MASCompositeConstraint.m */ = {isa = PBXFileReference; fileEncoding = 4; lastKnownFileType = sourcecode.c.objc; path = MASCompositeConstraint.m; sourceTree = "<group>"; };
		8A3B1F39202ADF1800FEE5FC /* MASConstraintMaker.m */ = {isa = PBXFileReference; fileEncoding = 4; lastKnownFileType = sourcecode.c.objc; path = MASConstraintMaker.m; sourceTree = "<group>"; };
		8A3B1F3A202ADF1800FEE5FC /* MASLayoutConstraint.m */ = {isa = PBXFileReference; fileEncoding = 4; lastKnownFileType = sourcecode.c.objc; path = MASLayoutConstraint.m; sourceTree = "<group>"; };
		8A3B1F3B202ADF1800FEE5FC /* NSArray+MASAdditions.m */ = {isa = PBXFileReference; fileEncoding = 4; lastKnownFileType = sourcecode.c.objc; path = "NSArray+MASAdditions.m"; sourceTree = "<group>"; };
		8A3B1F3C202ADF1800FEE5FC /* View+MASAdditions.m */ = {isa = PBXFileReference; fileEncoding = 4; lastKnownFileType = sourcecode.c.objc; path = "View+MASAdditions.m"; sourceTree = "<group>"; };
		8A3B1F3D202ADF1800FEE5FC /* View+MASShorthandAdditions.h */ = {isa = PBXFileReference; fileEncoding = 4; lastKnownFileType = sourcecode.c.h; path = "View+MASShorthandAdditions.h"; sourceTree = "<group>"; };
		8A3B1F3E202ADF1800FEE5FC /* Masonry.h */ = {isa = PBXFileReference; fileEncoding = 4; lastKnownFileType = sourcecode.c.h; path = Masonry.h; sourceTree = "<group>"; };
		8A3B1F3F202ADF1800FEE5FC /* MASConstraint.m */ = {isa = PBXFileReference; fileEncoding = 4; lastKnownFileType = sourcecode.c.objc; path = MASConstraint.m; sourceTree = "<group>"; };
		8A3B1F40202ADF1800FEE5FC /* ViewController+MASAdditions.h */ = {isa = PBXFileReference; fileEncoding = 4; lastKnownFileType = sourcecode.c.h; path = "ViewController+MASAdditions.h"; sourceTree = "<group>"; };
		8A3B1F41202ADF1800FEE5FC /* MASViewConstraint.m */ = {isa = PBXFileReference; fileEncoding = 4; lastKnownFileType = sourcecode.c.objc; path = MASViewConstraint.m; sourceTree = "<group>"; };
		8A3B1F42202ADF1800FEE5FC /* MASViewAttribute.m */ = {isa = PBXFileReference; fileEncoding = 4; lastKnownFileType = sourcecode.c.objc; path = MASViewAttribute.m; sourceTree = "<group>"; };
		8A3B1F4D202AE81800FEE5FC /* GPTextView.h */ = {isa = PBXFileReference; lastKnownFileType = sourcecode.c.h; path = GPTextView.h; sourceTree = "<group>"; };
		8A3B1F4E202AE81800FEE5FC /* GPTextView.m */ = {isa = PBXFileReference; lastKnownFileType = sourcecode.c.objc; path = GPTextView.m; sourceTree = "<group>"; };
		8A3B1F50202AE88900FEE5FC /* GPCommentView.h */ = {isa = PBXFileReference; lastKnownFileType = sourcecode.c.h; path = GPCommentView.h; sourceTree = "<group>"; };
		8A3B1F51202AE88900FEE5FC /* GPCommentView.m */ = {isa = PBXFileReference; lastKnownFileType = sourcecode.c.objc; path = GPCommentView.m; sourceTree = "<group>"; };
		8A3B1F53202AEEA600FEE5FC /* UIDevice+DeviceInfo.h */ = {isa = PBXFileReference; lastKnownFileType = sourcecode.c.h; path = "UIDevice+DeviceInfo.h"; sourceTree = "<group>"; };
		8A3B1F54202AEEA600FEE5FC /* UIDevice+DeviceInfo.m */ = {isa = PBXFileReference; lastKnownFileType = sourcecode.c.objc; path = "UIDevice+DeviceInfo.m"; sourceTree = "<group>"; };
/* End PBXFileReference section */

/* Begin PBXFrameworksBuildPhase section */
		8A3B1EEB202ADE4100FEE5FC /* Frameworks */ = {
			isa = PBXFrameworksBuildPhase;
			buildActionMask = 2147483647;
			files = (
			);
			runOnlyForDeploymentPostprocessing = 0;
		};
		8A3B1F03202ADE4100FEE5FC /* Frameworks */ = {
			isa = PBXFrameworksBuildPhase;
			buildActionMask = 2147483647;
			files = (
			);
			runOnlyForDeploymentPostprocessing = 0;
		};
		8A3B1F0E202ADE4100FEE5FC /* Frameworks */ = {
			isa = PBXFrameworksBuildPhase;
			buildActionMask = 2147483647;
			files = (
			);
			runOnlyForDeploymentPostprocessing = 0;
		};
/* End PBXFrameworksBuildPhase section */

/* Begin PBXGroup section */
		8A3B1EE5202ADE4100FEE5FC = {
			isa = PBXGroup;
			children = (
				8A3B1EF0202ADE4100FEE5FC /* CommentView */,
				8A3B1F09202ADE4100FEE5FC /* CommentViewTests */,
				8A3B1F14202ADE4100FEE5FC /* CommentViewUITests */,
				8A3B1EEF202ADE4100FEE5FC /* Products */,
			);
			sourceTree = "<group>";
		};
		8A3B1EEF202ADE4100FEE5FC /* Products */ = {
			isa = PBXGroup;
			children = (
				8A3B1EEE202ADE4100FEE5FC /* CommentView.app */,
				8A3B1F06202ADE4100FEE5FC /* CommentViewTests.xctest */,
				8A3B1F11202ADE4100FEE5FC /* CommentViewUITests.xctest */,
			);
			name = Products;
			sourceTree = "<group>";
		};
		8A3B1EF0202ADE4100FEE5FC /* CommentView */ = {
			isa = PBXGroup;
			children = (
				8A3B1F29202ADF1800FEE5FC /* Masonry */,
				8A3B1EF1202ADE4100FEE5FC /* AppDelegate.h */,
				8A3B1EF2202ADE4100FEE5FC /* AppDelegate.m */,
				8A3B1F26202ADEC600FEE5FC /* GPController.h */,
				8A3B1F27202ADEC600FEE5FC /* GPController.m */,
				8A3B1F50202AE88900FEE5FC /* GPCommentView.h */,
				8A3B1F51202AE88900FEE5FC /* GPCommentView.m */,
				8A3B1F4D202AE81800FEE5FC /* GPTextView.h */,
				8A3B1F4E202AE81800FEE5FC /* GPTextView.m */,
				8A3B1F53202AEEA600FEE5FC /* UIDevice+DeviceInfo.h */,
				8A3B1F54202AEEA600FEE5FC /* UIDevice+DeviceInfo.m */,
				8A3B1EF7202ADE4100FEE5FC /* Main.storyboard */,
				8A3B1EFA202ADE4100FEE5FC /* Assets.xcassets */,
				8A3B1EFC202ADE4100FEE5FC /* LaunchScreen.storyboard */,
				8A3B1EFF202ADE4100FEE5FC /* Info.plist */,
				8A3B1F00202ADE4100FEE5FC /* main.m */,
			);
			path = CommentView;
			sourceTree = "<group>";
		};
		8A3B1F09202ADE4100FEE5FC /* CommentViewTests */ = {
			isa = PBXGroup;
			children = (
				8A3B1F0A202ADE4100FEE5FC /* CommentViewTests.m */,
				8A3B1F0C202ADE4100FEE5FC /* Info.plist */,
			);
			path = CommentViewTests;
			sourceTree = "<group>";
		};
		8A3B1F14202ADE4100FEE5FC /* CommentViewUITests */ = {
			isa = PBXGroup;
			children = (
				8A3B1F15202ADE4100FEE5FC /* CommentViewUITests.m */,
				8A3B1F17202ADE4100FEE5FC /* Info.plist */,
			);
			path = CommentViewUITests;
			sourceTree = "<group>";
		};
		8A3B1F29202ADF1800FEE5FC /* Masonry */ = {
			isa = PBXGroup;
			children = (
				8A3B1F2A202ADF1800FEE5FC /* MASCompositeConstraint.h */,
				8A3B1F2B202ADF1800FEE5FC /* NSLayoutConstraint+MASDebugAdditions.m */,
				8A3B1F2C202ADF1800FEE5FC /* MASConstraint+Private.h */,
				8A3B1F2D202ADF1800FEE5FC /* MASLayoutConstraint.h */,
				8A3B1F2E202ADF1800FEE5FC /* NSArray+MASShorthandAdditions.h */,
				8A3B1F2F202ADF1800FEE5FC /* MASConstraintMaker.h */,
				8A3B1F30202ADF1800FEE5FC /* View+MASAdditions.h */,
				8A3B1F31202ADF1800FEE5FC /* NSArray+MASAdditions.h */,
				8A3B1F32202ADF1800FEE5FC /* MASUtilities.h */,
				8A3B1F33202ADF1800FEE5FC /* MASViewAttribute.h */,
				8A3B1F34202ADF1800FEE5FC /* ViewController+MASAdditions.m */,
				8A3B1F35202ADF1800FEE5FC /* MASViewConstraint.h */,
				8A3B1F36202ADF1800FEE5FC /* MASConstraint.h */,
				8A3B1F37202ADF1800FEE5FC /* NSLayoutConstraint+MASDebugAdditions.h */,
				8A3B1F38202ADF1800FEE5FC /* MASCompositeConstraint.m */,
				8A3B1F39202ADF1800FEE5FC /* MASConstraintMaker.m */,
				8A3B1F3A202ADF1800FEE5FC /* MASLayoutConstraint.m */,
				8A3B1F3B202ADF1800FEE5FC /* NSArray+MASAdditions.m */,
				8A3B1F3C202ADF1800FEE5FC /* View+MASAdditions.m */,
				8A3B1F3D202ADF1800FEE5FC /* View+MASShorthandAdditions.h */,
				8A3B1F3E202ADF1800FEE5FC /* Masonry.h */,
				8A3B1F3F202ADF1800FEE5FC /* MASConstraint.m */,
				8A3B1F40202ADF1800FEE5FC /* ViewController+MASAdditions.h */,
				8A3B1F41202ADF1800FEE5FC /* MASViewConstraint.m */,
				8A3B1F42202ADF1800FEE5FC /* MASViewAttribute.m */,
			);
			path = Masonry;
			sourceTree = "<group>";
		};
/* End PBXGroup section */

/* Begin PBXNativeTarget section */
		8A3B1EED202ADE4100FEE5FC /* CommentView */ = {
			isa = PBXNativeTarget;
			buildConfigurationList = 8A3B1F1A202ADE4100FEE5FC /* Build configuration list for PBXNativeTarget "CommentView" */;
			buildPhases = (
				8A3B1EEA202ADE4100FEE5FC /* Sources */,
				8A3B1EEB202ADE4100FEE5FC /* Frameworks */,
				8A3B1EEC202ADE4100FEE5FC /* Resources */,
			);
			buildRules = (
			);
			dependencies = (
			);
			name = CommentView;
			productName = CommentView;
			productReference = 8A3B1EEE202ADE4100FEE5FC /* CommentView.app */;
			productType = "com.apple.product-type.application";
		};
		8A3B1F05202ADE4100FEE5FC /* CommentViewTests */ = {
			isa = PBXNativeTarget;
			buildConfigurationList = 8A3B1F1D202ADE4100FEE5FC /* Build configuration list for PBXNativeTarget "CommentViewTests" */;
			buildPhases = (
				8A3B1F02202ADE4100FEE5FC /* Sources */,
				8A3B1F03202ADE4100FEE5FC /* Frameworks */,
				8A3B1F04202ADE4100FEE5FC /* Resources */,
			);
			buildRules = (
			);
			dependencies = (
				8A3B1F08202ADE4100FEE5FC /* PBXTargetDependency */,
			);
			name = CommentViewTests;
			productName = CommentViewTests;
			productReference = 8A3B1F06202ADE4100FEE5FC /* CommentViewTests.xctest */;
			productType = "com.apple.product-type.bundle.unit-test";
		};
		8A3B1F10202ADE4100FEE5FC /* CommentViewUITests */ = {
			isa = PBXNativeTarget;
			buildConfigurationList = 8A3B1F20202ADE4100FEE5FC /* Build configuration list for PBXNativeTarget "CommentViewUITests" */;
			buildPhases = (
				8A3B1F0D202ADE4100FEE5FC /* Sources */,
				8A3B1F0E202ADE4100FEE5FC /* Frameworks */,
				8A3B1F0F202ADE4100FEE5FC /* Resources */,
			);
			buildRules = (
			);
			dependencies = (
				8A3B1F13202ADE4100FEE5FC /* PBXTargetDependency */,
			);
			name = CommentViewUITests;
			productName = CommentViewUITests;
			productReference = 8A3B1F11202ADE4100FEE5FC /* CommentViewUITests.xctest */;
			productType = "com.apple.product-type.bundle.ui-testing";
		};
/* End PBXNativeTarget section */

/* Begin PBXProject section */
		8A3B1EE6202ADE4100FEE5FC /* Project object */ = {
			isa = PBXProject;
			attributes = {
				LastUpgradeCheck = 0920;
				ORGANIZATIONNAME = ggt;
				TargetAttributes = {
					8A3B1EED202ADE4100FEE5FC = {
						CreatedOnToolsVersion = 9.2;
						ProvisioningStyle = Automatic;
					};
					8A3B1F05202ADE4100FEE5FC = {
						CreatedOnToolsVersion = 9.2;
						ProvisioningStyle = Automatic;
						TestTargetID = 8A3B1EED202ADE4100FEE5FC;
					};
					8A3B1F10202ADE4100FEE5FC = {
						CreatedOnToolsVersion = 9.2;
						ProvisioningStyle = Automatic;
						TestTargetID = 8A3B1EED202ADE4100FEE5FC;
					};
				};
			};
			buildConfigurationList = 8A3B1EE9202ADE4100FEE5FC /* Build configuration list for PBXProject "CommentView" */;
			compatibilityVersion = "Xcode 8.0";
			developmentRegion = en;
			hasScannedForEncodings = 0;
			knownRegions = (
				en,
				Base,
			);
			mainGroup = 8A3B1EE5202ADE4100FEE5FC;
			productRefGroup = 8A3B1EEF202ADE4100FEE5FC /* Products */;
			projectDirPath = "";
			projectRoot = "";
			targets = (
				8A3B1EED202ADE4100FEE5FC /* CommentView */,
				8A3B1F05202ADE4100FEE5FC /* CommentViewTests */,
				8A3B1F10202ADE4100FEE5FC /* CommentViewUITests */,
			);
		};
/* End PBXProject section */

/* Begin PBXResourcesBuildPhase section */
		8A3B1EEC202ADE4100FEE5FC /* Resources */ = {
			isa = PBXResourcesBuildPhase;
			buildActionMask = 2147483647;
			files = (
				8A3B1EFE202ADE4100FEE5FC /* LaunchScreen.storyboard in Resources */,
				8A3B1EFB202ADE4100FEE5FC /* Assets.xcassets in Resources */,
				8A3B1EF9202ADE4100FEE5FC /* Main.storyboard in Resources */,
			);
			runOnlyForDeploymentPostprocessing = 0;
		};
		8A3B1F04202ADE4100FEE5FC /* Resources */ = {
			isa = PBXResourcesBuildPhase;
			buildActionMask = 2147483647;
			files = (
			);
			runOnlyForDeploymentPostprocessing = 0;
		};
		8A3B1F0F202ADE4100FEE5FC /* Resources */ = {
			isa = PBXResourcesBuildPhase;
			buildActionMask = 2147483647;
			files = (
			);
			runOnlyForDeploymentPostprocessing = 0;
		};
/* End PBXResourcesBuildPhase section */

/* Begin PBXSourcesBuildPhase section */
		8A3B1EEA202ADE4100FEE5FC /* Sources */ = {
			isa = PBXSourcesBuildPhase;
			buildActionMask = 2147483647;
			files = (
				8A3B1F52202AE88900FEE5FC /* GPCommentView.m in Sources */,
				8A3B1F4B202ADF1800FEE5FC /* MASViewConstraint.m in Sources */,
				8A3B1F4C202ADF1800FEE5FC /* MASViewAttribute.m in Sources */,
				8A3B1F4F202AE81800FEE5FC /* GPTextView.m in Sources */,
				8A3B1F28202ADEC600FEE5FC /* GPController.m in Sources */,
				8A3B1F55202AEEA600FEE5FC /* UIDevice+DeviceInfo.m in Sources */,
				8A3B1F01202ADE4100FEE5FC /* main.m in Sources */,
				8A3B1F48202ADF1800FEE5FC /* NSArray+MASAdditions.m in Sources */,
				8A3B1F44202ADF1800FEE5FC /* ViewController+MASAdditions.m in Sources */,
				8A3B1F45202ADF1800FEE5FC /* MASCompositeConstraint.m in Sources */,
				8A3B1EF3202ADE4100FEE5FC /* AppDelegate.m in Sources */,
				8A3B1F49202ADF1800FEE5FC /* View+MASAdditions.m in Sources */,
				8A3B1F46202ADF1800FEE5FC /* MASConstraintMaker.m in Sources */,
				8A3B1F4A202ADF1800FEE5FC /* MASConstraint.m in Sources */,
				8A3B1F43202ADF1800FEE5FC /* NSLayoutConstraint+MASDebugAdditions.m in Sources */,
				8A3B1F47202ADF1800FEE5FC /* MASLayoutConstraint.m in Sources */,
			);
			runOnlyForDeploymentPostprocessing = 0;
		};
		8A3B1F02202ADE4100FEE5FC /* Sources */ = {
			isa = PBXSourcesBuildPhase;
			buildActionMask = 2147483647;
			files = (
				8A3B1F0B202ADE4100FEE5FC /* CommentViewTests.m in Sources */,
			);
			runOnlyForDeploymentPostprocessing = 0;
		};
		8A3B1F0D202ADE4100FEE5FC /* Sources */ = {
			isa = PBXSourcesBuildPhase;
			buildActionMask = 2147483647;
			files = (
				8A3B1F16202ADE4100FEE5FC /* CommentViewUITests.m in Sources */,
			);
			runOnlyForDeploymentPostprocessing = 0;
		};
/* End PBXSourcesBuildPhase section */

/* Begin PBXTargetDependency section */
		8A3B1F08202ADE4100FEE5FC /* PBXTargetDependency */ = {
			isa = PBXTargetDependency;
			target = 8A3B1EED202ADE4100FEE5FC /* CommentView */;
			targetProxy = 8A3B1F07202ADE4100FEE5FC /* PBXContainerItemProxy */;
		};
		8A3B1F13202ADE4100FEE5FC /* PBXTargetDependency */ = {
			isa = PBXTargetDependency;
			target = 8A3B1EED202ADE4100FEE5FC /* CommentView */;
			targetProxy = 8A3B1F12202ADE4100FEE5FC /* PBXContainerItemProxy */;
		};
/* End PBXTargetDependency section */

/* Begin PBXVariantGroup section */
		8A3B1EF7202ADE4100FEE5FC /* Main.storyboard */ = {
			isa = PBXVariantGroup;
			children = (
				8A3B1EF8202ADE4100FEE5FC /* Base */,
			);
			name = Main.storyboard;
			sourceTree = "<group>";
		};
		8A3B1EFC202ADE4100FEE5FC /* LaunchScreen.storyboard */ = {
			isa = PBXVariantGroup;
			children = (
				8A3B1EFD202ADE4100FEE5FC /* Base */,
			);
			name = LaunchScreen.storyboard;
			sourceTree = "<group>";
		};
/* End PBXVariantGroup section */

/* Begin XCBuildConfiguration section */
		8A3B1F18202ADE4100FEE5FC /* Debug */ = {
			isa = XCBuildConfiguration;
			buildSettings = {
				ALWAYS_SEARCH_USER_PATHS = NO;
				CLANG_ANALYZER_NONNULL = YES;
				CLANG_ANALYZER_NUMBER_OBJECT_CONVERSION = YES_AGGRESSIVE;
				CLANG_CXX_LANGUAGE_STANDARD = "gnu++14";
				CLANG_CXX_LIBRARY = "libc++";
				CLANG_ENABLE_MODULES = YES;
				CLANG_ENABLE_OBJC_ARC = YES;
				CLANG_WARN_BLOCK_CAPTURE_AUTORELEASING = YES;
				CLANG_WARN_BOOL_CONVERSION = YES;
				CLANG_WARN_COMMA = YES;
				CLANG_WARN_CONSTANT_CONVERSION = YES;
				CLANG_WARN_DIRECT_OBJC_ISA_USAGE = YES_ERROR;
				CLANG_WARN_DOCUMENTATION_COMMENTS = YES;
				CLANG_WARN_EMPTY_BODY = YES;
				CLANG_WARN_ENUM_CONVERSION = YES;
				CLANG_WARN_INFINITE_RECURSION = YES;
				CLANG_WARN_INT_CONVERSION = YES;
				CLANG_WARN_NON_LITERAL_NULL_CONVERSION = YES;
				CLANG_WARN_OBJC_LITERAL_CONVERSION = YES;
				CLANG_WARN_OBJC_ROOT_CLASS = YES_ERROR;
				CLANG_WARN_RANGE_LOOP_ANALYSIS = YES;
				CLANG_WARN_STRICT_PROTOTYPES = YES;
				CLANG_WARN_SUSPICIOUS_MOVE = YES;
				CLANG_WARN_UNGUARDED_AVAILABILITY = YES_AGGRESSIVE;
				CLANG_WARN_UNREACHABLE_CODE = YES;
				CLANG_WARN__DUPLICATE_METHOD_MATCH = YES;
				CODE_SIGN_IDENTITY = "iPhone Developer";
				COPY_PHASE_STRIP = NO;
				DEBUG_INFORMATION_FORMAT = dwarf;
				ENABLE_STRICT_OBJC_MSGSEND = YES;
				ENABLE_TESTABILITY = YES;
				GCC_C_LANGUAGE_STANDARD = gnu11;
				GCC_DYNAMIC_NO_PIC = NO;
				GCC_NO_COMMON_BLOCKS = YES;
				GCC_OPTIMIZATION_LEVEL = 0;
				GCC_PREPROCESSOR_DEFINITIONS = (
					"DEBUG=1",
					"$(inherited)",
				);
				GCC_WARN_64_TO_32_BIT_CONVERSION = YES;
				GCC_WARN_ABOUT_RETURN_TYPE = YES_ERROR;
				GCC_WARN_UNDECLARED_SELECTOR = YES;
				GCC_WARN_UNINITIALIZED_AUTOS = YES_AGGRESSIVE;
				GCC_WARN_UNUSED_FUNCTION = YES;
				GCC_WARN_UNUSED_VARIABLE = YES;
				IPHONEOS_DEPLOYMENT_TARGET = 11.2;
				MTL_ENABLE_DEBUG_INFO = YES;
				ONLY_ACTIVE_ARCH = YES;
				SDKROOT = iphoneos;
			};
			name = Debug;
		};
		8A3B1F19202ADE4100FEE5FC /* Release */ = {
			isa = XCBuildConfiguration;
			buildSettings = {
				ALWAYS_SEARCH_USER_PATHS = NO;
				CLANG_ANALYZER_NONNULL = YES;
				CLANG_ANALYZER_NUMBER_OBJECT_CONVERSION = YES_AGGRESSIVE;
				CLANG_CXX_LANGUAGE_STANDARD = "gnu++14";
				CLANG_CXX_LIBRARY = "libc++";
				CLANG_ENABLE_MODULES = YES;
				CLANG_ENABLE_OBJC_ARC = YES;
				CLANG_WARN_BLOCK_CAPTURE_AUTORELEASING = YES;
				CLANG_WARN_BOOL_CONVERSION = YES;
				CLANG_WARN_COMMA = YES;
				CLANG_WARN_CONSTANT_CONVERSION = YES;
				CLANG_WARN_DIRECT_OBJC_ISA_USAGE = YES_ERROR;
				CLANG_WARN_DOCUMENTATION_COMMENTS = YES;
				CLANG_WARN_EMPTY_BODY = YES;
				CLANG_WARN_ENUM_CONVERSION = YES;
				CLANG_WARN_INFINITE_RECURSION = YES;
				CLANG_WARN_INT_CONVERSION = YES;
				CLANG_WARN_NON_LITERAL_NULL_CONVERSION = YES;
				CLANG_WARN_OBJC_LITERAL_CONVERSION = YES;
				CLANG_WARN_OBJC_ROOT_CLASS = YES_ERROR;
				CLANG_WARN_RANGE_LOOP_ANALYSIS = YES;
				CLANG_WARN_STRICT_PROTOTYPES = YES;
				CLANG_WARN_SUSPICIOUS_MOVE = YES;
				CLANG_WARN_UNGUARDED_AVAILABILITY = YES_AGGRESSIVE;
				CLANG_WARN_UNREACHABLE_CODE = YES;
				CLANG_WARN__DUPLICATE_METHOD_MATCH = YES;
				CODE_SIGN_IDENTITY = "iPhone Developer";
				COPY_PHASE_STRIP = NO;
				DEBUG_INFORMATION_FORMAT = "dwarf-with-dsym";
				ENABLE_NS_ASSERTIONS = NO;
				ENABLE_STRICT_OBJC_MSGSEND = YES;
				GCC_C_LANGUAGE_STANDARD = gnu11;
				GCC_NO_COMMON_BLOCKS = YES;
				GCC_WARN_64_TO_32_BIT_CONVERSION = YES;
				GCC_WARN_ABOUT_RETURN_TYPE = YES_ERROR;
				GCC_WARN_UNDECLARED_SELECTOR = YES;
				GCC_WARN_UNINITIALIZED_AUTOS = YES_AGGRESSIVE;
				GCC_WARN_UNUSED_FUNCTION = YES;
				GCC_WARN_UNUSED_VARIABLE = YES;
				IPHONEOS_DEPLOYMENT_TARGET = 11.2;
				MTL_ENABLE_DEBUG_INFO = NO;
				SDKROOT = iphoneos;
				VALIDATE_PRODUCT = YES;
			};
			name = Release;
		};
		8A3B1F1B202ADE4100FEE5FC /* Debug */ = {
			isa = XCBuildConfiguration;
			buildSettings = {
				ASSETCATALOG_COMPILER_APPICON_NAME = AppIcon;
				CODE_SIGN_STYLE = Automatic;
				DEVELOPMENT_TEAM = CH7H89HKXX;
				INFOPLIST_FILE = CommentView/Info.plist;
				IPHONEOS_DEPLOYMENT_TARGET = 10.3;
				LD_RUNPATH_SEARCH_PATHS = "$(inherited) @executable_path/Frameworks";
				PRODUCT_BUNDLE_IDENTIFIER = GGT.CommentView;
				PRODUCT_NAME = "$(TARGET_NAME)";
				TARGETED_DEVICE_FAMILY = "1,2";
			};
			name = Debug;
		};
		8A3B1F1C202ADE4100FEE5FC /* Release */ = {
			isa = XCBuildConfiguration;
			buildSettings = {
				ASSETCATALOG_COMPILER_APPICON_NAME = AppIcon;
				CODE_SIGN_STYLE = Automatic;
				DEVELOPMENT_TEAM = CH7H89HKXX;
				INFOPLIST_FILE = CommentView/Info.plist;
				IPHONEOS_DEPLOYMENT_TARGET = 10.3;
				LD_RUNPATH_SEARCH_PATHS = "$(inherited) @executable_path/Frameworks";
				PRODUCT_BUNDLE_IDENTIFIER = GGT.CommentView;
				PRODUCT_NAME = "$(TARGET_NAME)";
				TARGETED_DEVICE_FAMILY = "1,2";
			};
			name = Release;
		};
		8A3B1F1E202ADE4100FEE5FC /* Debug */ = {
			isa = XCBuildConfiguration;
			buildSettings = {
				BUNDLE_LOADER = "$(TEST_HOST)";
				CODE_SIGN_STYLE = Automatic;
				INFOPLIST_FILE = CommentViewTests/Info.plist;
				LD_RUNPATH_SEARCH_PATHS = "$(inherited) @executable_path/Frameworks @loader_path/Frameworks";
				PRODUCT_BUNDLE_IDENTIFIER = GGT.CommentViewTests;
				PRODUCT_NAME = "$(TARGET_NAME)";
				TARGETED_DEVICE_FAMILY = "1,2";
				TEST_HOST = "$(BUILT_PRODUCTS_DIR)/CommentView.app/CommentView";
			};
			name = Debug;
		};
		8A3B1F1F202ADE4100FEE5FC /* Release */ = {
			isa = XCBuildConfiguration;
			buildSettings = {
				BUNDLE_LOADER = "$(TEST_HOST)";
				CODE_SIGN_STYLE = Automatic;
				INFOPLIST_FILE = CommentViewTests/Info.plist;
				LD_RUNPATH_SEARCH_PATHS = "$(inherited) @executable_path/Frameworks @loader_path/Frameworks";
				PRODUCT_BUNDLE_IDENTIFIER = GGT.CommentViewTests;
				PRODUCT_NAME = "$(TARGET_NAME)";
				TARGETED_DEVICE_FAMILY = "1,2";
				TEST_HOST = "$(BUILT_PRODUCTS_DIR)/CommentView.app/CommentView";
			};
			name = Release;
		};
		8A3B1F21202ADE4100FEE5FC /* Debug */ = {
			isa = XCBuildConfiguration;
			buildSettings = {
				CODE_SIGN_STYLE = Automatic;
				INFOPLIST_FILE = CommentViewUITests/Info.plist;
				LD_RUNPATH_SEARCH_PATHS = "$(inherited) @executable_path/Frameworks @loader_path/Frameworks";
				PRODUCT_BUNDLE_IDENTIFIER = GGT.CommentViewUITests;
				PRODUCT_NAME = "$(TARGET_NAME)";
				TARGETED_DEVICE_FAMILY = "1,2";
				TEST_TARGET_NAME = CommentView;
			};
			name = Debug;
		};
		8A3B1F22202ADE4100FEE5FC /* Release */ = {
			isa = XCBuildConfiguration;
			buildSettings = {
				CODE_SIGN_STYLE = Automatic;
				INFOPLIST_FILE = CommentViewUITests/Info.plist;
				LD_RUNPATH_SEARCH_PATHS = "$(inherited) @executable_path/Frameworks @loader_path/Frameworks";
				PRODUCT_BUNDLE_IDENTIFIER = GGT.CommentViewUITests;
				PRODUCT_NAME = "$(TARGET_NAME)";
				TARGETED_DEVICE_FAMILY = "1,2";
				TEST_TARGET_NAME = CommentView;
			};
			name = Release;
		};
/* End XCBuildConfiguration section */

/* Begin XCConfigurationList section */
		8A3B1EE9202ADE4100FEE5FC /* Build configuration list for PBXProject "CommentView" */ = {
			isa = XCConfigurationList;
			buildConfigurations = (
				8A3B1F18202ADE4100FEE5FC /* Debug */,
				8A3B1F19202ADE4100FEE5FC /* Release */,
			);
			defaultConfigurationIsVisible = 0;
			defaultConfigurationName = Release;
		};
		8A3B1F1A202ADE4100FEE5FC /* Build configuration list for PBXNativeTarget "CommentView" */ = {
			isa = XCConfigurationList;
			buildConfigurations = (
				8A3B1F1B202ADE4100FEE5FC /* Debug */,
				8A3B1F1C202ADE4100FEE5FC /* Release */,
			);
			defaultConfigurationIsVisible = 0;
			defaultConfigurationName = Release;
		};
		8A3B1F1D202ADE4100FEE5FC /* Build configuration list for PBXNativeTarget "CommentViewTests" */ = {
			isa = XCConfigurationList;
			buildConfigurations = (
				8A3B1F1E202ADE4100FEE5FC /* Debug */,
				8A3B1F1F202ADE4100FEE5FC /* Release */,
			);
			defaultConfigurationIsVisible = 0;
			defaultConfigurationName = Release;
		};
		8A3B1F20202ADE4100FEE5FC /* Build configuration list for PBXNativeTarget "CommentViewUITests" */ = {
			isa = XCConfigurationList;
			buildConfigurations = (
				8A3B1F21202ADE4100FEE5FC /* Debug */,
				8A3B1F22202ADE4100FEE5FC /* Release */,
			);
			defaultConfigurationIsVisible = 0;
			defaultConfigurationName = Release;
		};
/* End XCConfigurationList section */
	};
	rootObject = 8A3B1EE6202ADE4100FEE5FC /* Project object */;
}
